
Microsoft Visual Studio Solution File, Format Version 12.00
# Visual Studio Version 17
VisualStudioVersion = 17.12.35707.178
MinimumVisualStudioVersion = 10.0.40219.1
Project("{2150E333-8FDC-42A3-9474-1A3956D46DE8}") = "src", "src", "{DBC73509-7680-4F91-99DC-B68B928D5D9B}"
EndProject
Project("{FAE04EC0-301F-11D3-BF4B-00C04F79EFBC}") = "Producer.Api", "src\Producer.Api\Producer.Api.csproj", "{401CE440-AA94-416E-BE73-2DBB158413AA}"
EndProject
Project("{FAE04EC0-301F-11D3-BF4B-00C04F79EFBC}") = "Model.Share", "src\Model.Share\Model.Share.csproj", "{F58876EA-4D34-4369-8BA7-E829CC7D9D65}"
EndProject
Project("{2150E333-8FDC-42A3-9474-1A3956D46DE8}") = "Consumer", "Consumer", "{CA38EFB9-3C81-4304-B8E0-E101DEFC28E3}"
EndProject
Project("{2150E333-8FDC-42A3-9474-1A3956D46DE8}") = "Fanout", "Fanout", "{89B6620A-6CCD-4045-A42B-C8247B3E94C4}"
EndProject
Project("{2150E333-8FDC-42A3-9474-1A3956D46DE8}") = "Direct", "Direct", "{62830743-B29E-48EF-8904-88F34EBE4567}"
EndProject
Project("{2150E333-8FDC-42A3-9474-1A3956D46DE8}") = "Topic", "Topic", "{074006B8-409A-4F61-A55D-6B714D5F2AD3}"
EndProject
Project("{2150E333-8FDC-42A3-9474-1A3956D46DE8}") = "Header", "Header", "{D57DDEF2-11C6-49ED-973D-CEC3D5EC50B3}"
EndProject
Project("{FAE04EC0-301F-11D3-BF4B-00C04F79EFBC}") = "Direct.Consumer1", "src\Direct.Consumer1\Direct.Consumer1.csproj", "{F0A3E998-71C3-4859-A649-9C759D27A397}"
EndProject
Project("{FAE04EC0-301F-11D3-BF4B-00C04F79EFBC}") = "Direct.Consumer2", "src\Direct.Consumer2\Direct.Consumer2.csproj", "{EB0D098A-33F6-4496-B7D5-DB12C4BEAB1B}"
EndProject
Project("{FAE04EC0-301F-11D3-BF4B-00C04F79EFBC}") = "Fanout.Consumer1", "src\Fanout.Consumer1\Fanout.Consumer1.csproj", "{0B2F55F2-EBBA-4B53-86D2-95BB5BFEB351}"
EndProject
Project("{FAE04EC0-301F-11D3-BF4B-00C04F79EFBC}") = "Fanout.Consumer2", "src\Fanout.Consumer2\Fanout.Consumer2.csproj", "{F2C3654E-35E4-4EAA-89B9-2D52CDA99CFE}"
EndProject
Project("{FAE04EC0-301F-11D3-BF4B-00C04F79EFBC}") = "Header.Consumer1", "src\Header.Consumer1\Header.Consumer1.csproj", "{68187DFF-6A65-4B2E-B8D5-9F71EC5705CA}"
EndProject
Project("{FAE04EC0-301F-11D3-BF4B-00C04F79EFBC}") = "Header.Consumer2", "src\Header.Consumer2\Header.Consumer2.csproj", "{956D9514-43A9-4FF7-AAA2-3D3BCD405CFF}"
EndProject
Project("{FAE04EC0-301F-11D3-BF4B-00C04F79EFBC}") = "Topic.Consumer1", "src\Topic.Consumer1\Topic.Consumer1.csproj", "{30C06BB0-372D-498A-B460-75C4804E8594}"
EndProject
Project("{FAE04EC0-301F-11D3-BF4B-00C04F79EFBC}") = "Topic.Consumer2", "src\Topic.Consumer2\Topic.Consumer2.csproj", "{4CC492D1-29A5-4E21-9972-F88E386B7BCF}"
EndProject
Global
	GlobalSection(SolutionConfigurationPlatforms) = preSolution
		Debug|Any CPU = Debug|Any CPU
		Release|Any CPU = Release|Any CPU
	EndGlobalSection
	GlobalSection(ProjectConfigurationPlatforms) = postSolution
		{401CE440-AA94-416E-BE73-2DBB158413AA}.Debug|Any CPU.ActiveCfg = Debug|Any CPU
		{401CE440-AA94-416E-BE73-2DBB158413AA}.Debug|Any CPU.Build.0 = Debug|Any CPU
		{401CE440-AA94-416E-BE73-2DBB158413AA}.Release|Any CPU.ActiveCfg = Release|Any CPU
		{401CE440-AA94-416E-BE73-2DBB158413AA}.Release|Any CPU.Build.0 = Release|Any CPU
		{F58876EA-4D34-4369-8BA7-E829CC7D9D65}.Debug|Any CPU.ActiveCfg = Debug|Any CPU
		{F58876EA-4D34-4369-8BA7-E829CC7D9D65}.Debug|Any CPU.Build.0 = Debug|Any CPU
		{F58876EA-4D34-4369-8BA7-E829CC7D9D65}.Release|Any CPU.ActiveCfg = Release|Any CPU
		{F58876EA-4D34-4369-8BA7-E829CC7D9D65}.Release|Any CPU.Build.0 = Release|Any CPU
		{F0A3E998-71C3-4859-A649-9C759D27A397}.Debug|Any CPU.ActiveCfg = Debug|Any CPU
		{F0A3E998-71C3-4859-A649-9C759D27A397}.Debug|Any CPU.Build.0 = Debug|Any CPU
		{F0A3E998-71C3-4859-A649-9C759D27A397}.Release|Any CPU.ActiveCfg = Release|Any CPU
		{F0A3E998-71C3-4859-A649-9C759D27A397}.Release|Any CPU.Build.0 = Release|Any CPU
		{EB0D098A-33F6-4496-B7D5-DB12C4BEAB1B}.Debug|Any CPU.ActiveCfg = Debug|Any CPU
		{EB0D098A-33F6-4496-B7D5-DB12C4BEAB1B}.Debug|Any CPU.Build.0 = Debug|Any CPU
		{EB0D098A-33F6-4496-B7D5-DB12C4BEAB1B}.Release|Any CPU.ActiveCfg = Release|Any CPU
		{EB0D098A-33F6-4496-B7D5-DB12C4BEAB1B}.Release|Any CPU.Build.0 = Release|Any CPU
		{0B2F55F2-EBBA-4B53-86D2-95BB5BFEB351}.Debug|Any CPU.ActiveCfg = Debug|Any CPU
		{0B2F55F2-EBBA-4B53-86D2-95BB5BFEB351}.Debug|Any CPU.Build.0 = Debug|Any CPU
		{0B2F55F2-EBBA-4B53-86D2-95BB5BFEB351}.Release|Any CPU.ActiveCfg = Release|Any CPU
		{0B2F55F2-EBBA-4B53-86D2-95BB5BFEB351}.Release|Any CPU.Build.0 = Release|Any CPU
		{F2C3654E-35E4-4EAA-89B9-2D52CDA99CFE}.Debug|Any CPU.ActiveCfg = Debug|Any CPU
		{F2C3654E-35E4-4EAA-89B9-2D52CDA99CFE}.Debug|Any CPU.Build.0 = Debug|Any CPU
		{F2C3654E-35E4-4EAA-89B9-2D52CDA99CFE}.Release|Any CPU.ActiveCfg = Release|Any CPU
		{F2C3654E-35E4-4EAA-89B9-2D52CDA99CFE}.Release|Any CPU.Build.0 = Release|Any CPU
		{68187DFF-6A65-4B2E-B8D5-9F71EC5705CA}.Debug|Any CPU.ActiveCfg = Debug|Any CPU
		{68187DFF-6A65-4B2E-B8D5-9F71EC5705CA}.Debug|Any CPU.Build.0 = Debug|Any CPU
		{68187DFF-6A65-4B2E-B8D5-9F71EC5705CA}.Release|Any CPU.ActiveCfg = Release|Any CPU
		{68187DFF-6A65-4B2E-B8D5-9F71EC5705CA}.Release|Any CPU.Build.0 = Release|Any CPU
		{956D9514-43A9-4FF7-AAA2-3D3BCD405CFF}.Debug|Any CPU.ActiveCfg = Debug|Any CPU
		{956D9514-43A9-4FF7-AAA2-3D3BCD405CFF}.Debug|Any CPU.Build.0 = Debug|Any CPU
		{956D9514-43A9-4FF7-AAA2-3D3BCD405CFF}.Release|Any CPU.ActiveCfg = Release|Any CPU
		{956D9514-43A9-4FF7-AAA2-3D3BCD405CFF}.Release|Any CPU.Build.0 = Release|Any CPU
		{30C06BB0-372D-498A-B460-75C4804E8594}.Debug|Any CPU.ActiveCfg = Debug|Any CPU
		{30C06BB0-372D-498A-B460-75C4804E8594}.Debug|Any CPU.Build.0 = Debug|Any CPU
		{30C06BB0-372D-498A-B460-75C4804E8594}.Release|Any CPU.ActiveCfg = Release|Any CPU
		{30C06BB0-372D-498A-B460-75C4804E8594}.Release|Any CPU.Build.0 = Release|Any CPU
		{4CC492D1-29A5-4E21-9972-F88E386B7BCF}.Debug|Any CPU.ActiveCfg = Debug|Any CPU
		{4CC492D1-29A5-4E21-9972-F88E386B7BCF}.Debug|Any CPU.Build.0 = Debug|Any CPU
		{4CC492D1-29A5-4E21-9972-F88E386B7BCF}.Release|Any CPU.ActiveCfg = Release|Any CPU
		{4CC492D1-29A5-4E21-9972-F88E386B7BCF}.Release|Any CPU.Build.0 = Release|Any CPU
	EndGlobalSection
	GlobalSection(SolutionProperties) = preSolution
		HideSolutionNode = FALSE
	EndGlobalSection
	GlobalSection(NestedProjects) = preSolution
		{401CE440-AA94-416E-BE73-2DBB158413AA} = {DBC73509-7680-4F91-99DC-B68B928D5D9B}
		{F58876EA-4D34-4369-8BA7-E829CC7D9D65} = {DBC73509-7680-4F91-99DC-B68B928D5D9B}
		{CA38EFB9-3C81-4304-B8E0-E101DEFC28E3} = {DBC73509-7680-4F91-99DC-B68B928D5D9B}
		{89B6620A-6CCD-4045-A42B-C8247B3E94C4} = {CA38EFB9-3C81-4304-B8E0-E101DEFC28E3}
		{62830743-B29E-48EF-8904-88F34EBE4567} = {CA38EFB9-3C81-4304-B8E0-E101DEFC28E3}
		{074006B8-409A-4F61-A55D-6B714D5F2AD3} = {CA38EFB9-3C81-4304-B8E0-E101DEFC28E3}
		{D57DDEF2-11C6-49ED-973D-CEC3D5EC50B3} = {CA38EFB9-3C81-4304-B8E0-E101DEFC28E3}
		{F0A3E998-71C3-4859-A649-9C759D27A397} = {62830743-B29E-48EF-8904-88F34EBE4567}
		{EB0D098A-33F6-4496-B7D5-DB12C4BEAB1B} = {62830743-B29E-48EF-8904-88F34EBE4567}
		{0B2F55F2-EBBA-4B53-86D2-95BB5BFEB351} = {89B6620A-6CCD-4045-A42B-C8247B3E94C4}
		{F2C3654E-35E4-4EAA-89B9-2D52CDA99CFE} = {89B6620A-6CCD-4045-A42B-C8247B3E94C4}
		{68187DFF-6A65-4B2E-B8D5-9F71EC5705CA} = {D57DDEF2-11C6-49ED-973D-CEC3D5EC50B3}
		{956D9514-43A9-4FF7-AAA2-3D3BCD405CFF} = {D57DDEF2-11C6-49ED-973D-CEC3D5EC50B3}
		{30C06BB0-372D-498A-B460-75C4804E8594} = {074006B8-409A-4F61-A55D-6B714D5F2AD3}
		{4CC492D1-29A5-4E21-9972-F88E386B7BCF} = {074006B8-409A-4F61-A55D-6B714D5F2AD3}
	EndGlobalSection
EndGlobal
